
Microsoft Visual Studio Solution File, Format Version 12.00
# Visual Studio Version 17
VisualStudioVersion = 17.7.34018.315
MinimumVisualStudioVersion = 10.0.40219.1
Project("{9A19103F-16F7-4668-BE54-9A1E7A4F7556}") = "SendLocal", "SendLocal\SendLocal.csproj", "{92DA90CF-9166-4884-9FB0-E2D88E19D56A}"
EndProject
Project("{9A19103F-16F7-4668-BE54-9A1E7A4F7556}") = "Commands", "Commands\Commands.csproj", "{04672C2C-00C5-47EF-9355-49D39A71129A}"
EndProject
Global
	GlobalSection(SolutionConfigurationPlatforms) = preSolution
		Debug|Any CPU = Debug|Any CPU
		Release|Any CPU = Release|Any CPU
	EndGlobalSection
	GlobalSection(ProjectConfigurationPlatforms) = postSolution
		{92DA90CF-9166-4884-9FB0-E2D88E19D56A}.Debug|Any CPU.ActiveCfg = Debug|Any CPU
		{92DA90CF-9166-4884-9FB0-E2D88E19D56A}.Debug|Any CPU.Build.0 = Debug|Any CPU
		{92DA90CF-9166-4884-9FB0-E2D88E19D56A}.Release|Any CPU.ActiveCfg = Release|Any CPU
		{92DA90CF-9166-4884-9FB0-E2D88E19D56A}.Release|Any CPU.Build.0 = Release|Any CPU
		{04672C2C-00C5-47EF-9355-49D39A71129A}.Debug|Any CPU.ActiveCfg = Debug|Any CPU
		{04672C2C-00C5-47EF-9355-49D39A71129A}.Debug|Any CPU.Build.0 = Debug|Any CPU
		{04672C2C-00C5-47EF-9355-49D39A71129A}.Release|Any CPU.ActiveCfg = Release|Any CPU
		{04672C2C-00C5-47EF-9355-49D39A71129A}.Release|Any CPU.Build.0 = Release|Any CPU
	EndGlobalSection
	GlobalSection(SolutionProperties) = preSolution
		HideSolutionNode = FALSE
	EndGlobalSection
	GlobalSection(ExtensibilityGlobals) = postSolution
		SolutionGuid = {9D29DEF7-4FB9-4461-A878-11C3A34F2F36}
	EndGlobalSection
EndGlobal
